// !$*UTF8*$!
{
	archiveVersion = 1;
	classes = {
	};
	objectVersion = 56;
	objects = {

/* Begin PBXBuildFile section */
		AF02095A2C60CDBA00D91041 /* Photorama_SwiftUIApp.swift in Sources */ = {isa = PBXBuildFile; fileRef = AF0209592C60CDBA00D91041 /* Photorama_SwiftUIApp.swift */; };
		AF02095C2C60CDBA00D91041 /* ContentView.swift in Sources */ = {isa = PBXBuildFile; fileRef = AF02095B2C60CDBA00D91041 /* ContentView.swift */; };
		AF02095E2C60CDBB00D91041 /* Assets.xcassets in Resources */ = {isa = PBXBuildFile; fileRef = AF02095D2C60CDBB00D91041 /* Assets.xcassets */; };
		AF0209612C60CDBB00D91041 /* Preview Assets.xcassets in Resources */ = {isa = PBXBuildFile; fileRef = AF0209602C60CDBB00D91041 /* Preview Assets.xcassets */; };
		AF02096B2C60CDBC00D91041 /* Photorama_SwiftUITests.swift in Sources */ = {isa = PBXBuildFile; fileRef = AF02096A2C60CDBC00D91041 /* Photorama_SwiftUITests.swift */; };
		AF0209752C60CDBC00D91041 /* Photorama_SwiftUIUITests.swift in Sources */ = {isa = PBXBuildFile; fileRef = AF0209742C60CDBC00D91041 /* Photorama_SwiftUIUITests.swift */; };
		AF0209772C60CDBC00D91041 /* Photorama_SwiftUIUITestsLaunchTests.swift in Sources */ = {isa = PBXBuildFile; fileRef = AF0209762C60CDBC00D91041 /* Photorama_SwiftUIUITestsLaunchTests.swift */; };
		AF0209842C60D32700D91041 /* FilickerAPI.swift in Sources */ = {isa = PBXBuildFile; fileRef = AF0209832C60D32700D91041 /* FilickerAPI.swift */; };
		AF0209862C60E5A200D91041 /* PhotoStore.swift in Sources */ = {isa = PBXBuildFile; fileRef = AF0209852C60E5A200D91041 /* PhotoStore.swift */; };
		AF0209882C61145000D91041 /* Photo.swift in Sources */ = {isa = PBXBuildFile; fileRef = AF0209872C61145000D91041 /* Photo.swift */; };
		AF02098A2C615BF100D91041 /* DetailView.swift in Sources */ = {isa = PBXBuildFile; fileRef = AF0209892C615BF100D91041 /* DetailView.swift */; };
/* End PBXBuildFile section */

/* Begin PBXContainerItemProxy section */
		AF0209672C60CDBC00D91041 /* PBXContainerItemProxy */ = {
			isa = PBXContainerItemProxy;
			containerPortal = AF02094E2C60CDBA00D91041 /* Project object */;
			proxyType = 1;
			remoteGlobalIDString = AF0209552C60CDBA00D91041;
			remoteInfo = "Photorama SwiftUI";
		};
		AF0209712C60CDBC00D91041 /* PBXContainerItemProxy */ = {
			isa = PBXContainerItemProxy;
			containerPortal = AF02094E2C60CDBA00D91041 /* Project object */;
			proxyType = 1;
			remoteGlobalIDString = AF0209552C60CDBA00D91041;
			remoteInfo = "Photorama SwiftUI";
		};
/* End PBXContainerItemProxy section */

/* Begin PBXFileReference section */
		AF0209562C60CDBA00D91041 /* Photorama SwiftUI.app */ = {isa = PBXFileReference; explicitFileType = wrapper.application; includeInIndex = 0; path = "Photorama SwiftUI.app"; sourceTree = BUILT_PRODUCTS_DIR; };
		AF0209592C60CDBA00D91041 /* Photorama_SwiftUIApp.swift */ = {isa = PBXFileReference; lastKnownFileType = sourcecode.swift; path = Photorama_SwiftUIApp.swift; sourceTree = "<group>"; };
		AF02095B2C60CDBA00D91041 /* ContentView.swift */ = {isa = PBXFileReference; lastKnownFileType = sourcecode.swift; path = ContentView.swift; sourceTree = "<group>"; };
		AF02095D2C60CDBB00D91041 /* Assets.xcassets */ = {isa = PBXFileReference; lastKnownFileType = folder.assetcatalog; path = Assets.xcassets; sourceTree = "<group>"; };
		AF0209602C60CDBB00D91041 /* Preview Assets.xcassets */ = {isa = PBXFileReference; lastKnownFileType = folder.assetcatalog; path = "Preview Assets.xcassets"; sourceTree = "<group>"; };
		AF0209662C60CDBC00D91041 /* Photorama SwiftUITests.xctest */ = {isa = PBXFileReference; explicitFileType = wrapper.cfbundle; includeInIndex = 0; path = "Photorama SwiftUITests.xctest"; sourceTree = BUILT_PRODUCTS_DIR; };
		AF02096A2C60CDBC00D91041 /* Photorama_SwiftUITests.swift */ = {isa = PBXFileReference; lastKnownFileType = sourcecode.swift; path = Photorama_SwiftUITests.swift; sourceTree = "<group>"; };
		AF0209702C60CDBC00D91041 /* Photorama SwiftUIUITests.xctest */ = {isa = PBXFileReference; explicitFileType = wrapper.cfbundle; includeInIndex = 0; path = "Photorama SwiftUIUITests.xctest"; sourceTree = BUILT_PRODUCTS_DIR; };
		AF0209742C60CDBC00D91041 /* Photorama_SwiftUIUITests.swift */ = {isa = PBXFileReference; lastKnownFileType = sourcecode.swift; path = Photorama_SwiftUIUITests.swift; sourceTree = "<group>"; };
		AF0209762C60CDBC00D91041 /* Photorama_SwiftUIUITestsLaunchTests.swift */ = {isa = PBXFileReference; lastKnownFileType = sourcecode.swift; path = Photorama_SwiftUIUITestsLaunchTests.swift; sourceTree = "<group>"; };
		AF0209832C60D32700D91041 /* FilickerAPI.swift */ = {isa = PBXFileReference; lastKnownFileType = sourcecode.swift; path = FilickerAPI.swift; sourceTree = "<group>"; };
		AF0209852C60E5A200D91041 /* PhotoStore.swift */ = {isa = PBXFileReference; lastKnownFileType = sourcecode.swift; path = PhotoStore.swift; sourceTree = "<group>"; };
		AF0209872C61145000D91041 /* Photo.swift */ = {isa = PBXFileReference; lastKnownFileType = sourcecode.swift; path = Photo.swift; sourceTree = "<group>"; };
		AF0209892C615BF100D91041 /* DetailView.swift */ = {isa = PBXFileReference; lastKnownFileType = sourcecode.swift; path = DetailView.swift; sourceTree = "<group>"; };
/* End PBXFileReference section */

/* Begin PBXFrameworksBuildPhase section */
		AF0209532C60CDBA00D91041 /* Frameworks */ = {
			isa = PBXFrameworksBuildPhase;
			buildActionMask = 2147483647;
			files = (
			);
			runOnlyForDeploymentPostprocessing = 0;
		};
		AF0209632C60CDBC00D91041 /* Frameworks */ = {
			isa = PBXFrameworksBuildPhase;
			buildActionMask = 2147483647;
			files = (
			);
			runOnlyForDeploymentPostprocessing = 0;
		};
		AF02096D2C60CDBC00D91041 /* Frameworks */ = {
			isa = PBXFrameworksBuildPhase;
			buildActionMask = 2147483647;
			files = (
			);
			runOnlyForDeploymentPostprocessing = 0;
		};
/* End PBXFrameworksBuildPhase section */

/* Begin PBXGroup section */
		AF02094D2C60CDBA00D91041 = {
			isa = PBXGroup;
			children = (
				AF0209582C60CDBA00D91041 /* Photorama SwiftUI */,
				AF0209692C60CDBC00D91041 /* Photorama SwiftUITests */,
				AF0209732C60CDBC00D91041 /* Photorama SwiftUIUITests */,
				AF0209572C60CDBA00D91041 /* Products */,
			);
			sourceTree = "<group>";
		};
		AF0209572C60CDBA00D91041 /* Products */ = {
			isa = PBXGroup;
			children = (
				AF0209562C60CDBA00D91041 /* Photorama SwiftUI.app */,
				AF0209662C60CDBC00D91041 /* Photorama SwiftUITests.xctest */,
				AF0209702C60CDBC00D91041 /* Photorama SwiftUIUITests.xctest */,
			);
			name = Products;
			sourceTree = "<group>";
		};
		AF0209582C60CDBA00D91041 /* Photorama SwiftUI */ = {
			isa = PBXGroup;
			children = (
				AF0209592C60CDBA00D91041 /* Photorama_SwiftUIApp.swift */,
				AF02095B2C60CDBA00D91041 /* ContentView.swift */,
				AF0209892C615BF100D91041 /* DetailView.swift */,
				AF0209872C61145000D91041 /* Photo.swift */,
				AF0209852C60E5A200D91041 /* PhotoStore.swift */,
				AF0209832C60D32700D91041 /* FilickerAPI.swift */,
				AF02095D2C60CDBB00D91041 /* Assets.xcassets */,
				AF02095F2C60CDBB00D91041 /* Preview Content */,
			);
			path = "Photorama SwiftUI";
			sourceTree = "<group>";
		};
		AF02095F2C60CDBB00D91041 /* Preview Content */ = {
			isa = PBXGroup;
			children = (
				AF0209602C60CDBB00D91041 /* Preview Assets.xcassets */,
			);
			path = "Preview Content";
			sourceTree = "<group>";
		};
		AF0209692C60CDBC00D91041 /* Photorama SwiftUITests */ = {
			isa = PBXGroup;
			children = (
				AF02096A2C60CDBC00D91041 /* Photorama_SwiftUITests.swift */,
			);
			path = "Photorama SwiftUITests";
			sourceTree = "<group>";
		};
		AF0209732C60CDBC00D91041 /* Photorama SwiftUIUITests */ = {
			isa = PBXGroup;
			children = (
				AF0209742C60CDBC00D91041 /* Photorama_SwiftUIUITests.swift */,
				AF0209762C60CDBC00D91041 /* Photorama_SwiftUIUITestsLaunchTests.swift */,
			);
			path = "Photorama SwiftUIUITests";
			sourceTree = "<group>";
		};
/* End PBXGroup section */

/* Begin PBXNativeTarget section */
		AF0209552C60CDBA00D91041 /* Photorama SwiftUI */ = {
			isa = PBXNativeTarget;
			buildConfigurationList = AF02097A2C60CDBC00D91041 /* Build configuration list for PBXNativeTarget "Photorama SwiftUI" */;
			buildPhases = (
				AF0209522C60CDBA00D91041 /* Sources */,
				AF0209532C60CDBA00D91041 /* Frameworks */,
				AF0209542C60CDBA00D91041 /* Resources */,
			);
			buildRules = (
			);
			dependencies = (
			);
			name = "Photorama SwiftUI";
			productName = "Photorama SwiftUI";
			productReference = AF0209562C60CDBA00D91041 /* Photorama SwiftUI.app */;
			productType = "com.apple.product-type.application";
		};
		AF0209652C60CDBC00D91041 /* Photorama SwiftUITests */ = {
			isa = PBXNativeTarget;
			buildConfigurationList = AF02097D2C60CDBC00D91041 /* Build configuration list for PBXNativeTarget "Photorama SwiftUITests" */;
			buildPhases = (
				AF0209622C60CDBC00D91041 /* Sources */,
				AF0209632C60CDBC00D91041 /* Frameworks */,
				AF0209642C60CDBC00D91041 /* Resources */,
			);
			buildRules = (
			);
			dependencies = (
				AF0209682C60CDBC00D91041 /* PBXTargetDependency */,
			);
			name = "Photorama SwiftUITests";
			productName = "Photorama SwiftUITests";
			productReference = AF0209662C60CDBC00D91041 /* Photorama SwiftUITests.xctest */;
			productType = "com.apple.product-type.bundle.unit-test";
		};
		AF02096F2C60CDBC00D91041 /* Photorama SwiftUIUITests */ = {
			isa = PBXNativeTarget;
			buildConfigurationList = AF0209802C60CDBC00D91041 /* Build configuration list for PBXNativeTarget "Photorama SwiftUIUITests" */;
			buildPhases = (
				AF02096C2C60CDBC00D91041 /* Sources */,
				AF02096D2C60CDBC00D91041 /* Frameworks */,
				AF02096E2C60CDBC00D91041 /* Resources */,
			);
			buildRules = (
			);
			dependencies = (
				AF0209722C60CDBC00D91041 /* PBXTargetDependency */,
			);
			name = "Photorama SwiftUIUITests";
			productName = "Photorama SwiftUIUITests";
			productReference = AF0209702C60CDBC00D91041 /* Photorama SwiftUIUITests.xctest */;
			productType = "com.apple.product-type.bundle.ui-testing";
		};
/* End PBXNativeTarget section */

/* Begin PBXProject section */
		AF02094E2C60CDBA00D91041 /* Project object */ = {
			isa = PBXProject;
			attributes = {
				BuildIndependentTargetsInParallel = 1;
				LastSwiftUpdateCheck = 1500;
				LastUpgradeCheck = 1500;
				TargetAttributes = {
					AF0209552C60CDBA00D91041 = {
						CreatedOnToolsVersion = 15.0.1;
					};
					AF0209652C60CDBC00D91041 = {
						CreatedOnToolsVersion = 15.0.1;
						TestTargetID = AF0209552C60CDBA00D91041;
					};
					AF02096F2C60CDBC00D91041 = {
						CreatedOnToolsVersion = 15.0.1;
						TestTargetID = AF0209552C60CDBA00D91041;
					};
				};
			};
			buildConfigurationList = AF0209512C60CDBA00D91041 /* Build configuration list for PBXProject "Photorama SwiftUI" */;
			compatibilityVersion = "Xcode 14.0";
			developmentRegion = en;
			hasScannedForEncodings = 0;
			knownRegions = (
				en,
				Base,
			);
			mainGroup = AF02094D2C60CDBA00D91041;
			productRefGroup = AF0209572C60CDBA00D91041 /* Products */;
			projectDirPath = "";
			projectRoot = "";
			targets = (
				AF0209552C60CDBA00D91041 /* Photorama SwiftUI */,
				AF0209652C60CDBC00D91041 /* Photorama SwiftUITests */,
				AF02096F2C60CDBC00D91041 /* Photorama SwiftUIUITests */,
			);
		};
/* End PBXProject section */

/* Begin PBXResourcesBuildPhase section */
		AF0209542C60CDBA00D91041 /* Resources */ = {
			isa = PBXResourcesBuildPhase;
			buildActionMask = 2147483647;
			files = (
				AF0209612C60CDBB00D91041 /* Preview Assets.xcassets in Resources */,
				AF02095E2C60CDBB00D91041 /* Assets.xcassets in Resources */,
			);
			runOnlyForDeploymentPostprocessing = 0;
		};
		AF0209642C60CDBC00D91041 /* Resources */ = {
			isa = PBXResourcesBuildPhase;
			buildActionMask = 2147483647;
			files = (
			);
			runOnlyForDeploymentPostprocessing = 0;
		};
		AF02096E2C60CDBC00D91041 /* Resources */ = {
			isa = PBXResourcesBuildPhase;
			buildActionMask = 2147483647;
			files = (
			);
			runOnlyForDeploymentPostprocessing = 0;
		};
/* End PBXResourcesBuildPhase section */

/* Begin PBXSourcesBuildPhase section */
		AF0209522C60CDBA00D91041 /* Sources */ = {
			isa = PBXSourcesBuildPhase;
			buildActionMask = 2147483647;
			files = (
				AF02095C2C60CDBA00D91041 /* ContentView.swift in Sources */,
				AF02098A2C615BF100D91041 /* DetailView.swift in Sources */,
				AF0209842C60D32700D91041 /* FilickerAPI.swift in Sources */,
				AF0209862C60E5A200D91041 /* PhotoStore.swift in Sources */,
				AF02095A2C60CDBA00D91041 /* Photorama_SwiftUIApp.swift in Sources */,
				AF0209882C61145000D91041 /* Photo.swift in Sources */,
			);
			runOnlyForDeploymentPostprocessing = 0;
		};
		AF0209622C60CDBC00D91041 /* Sources */ = {
			isa = PBXSourcesBuildPhase;
			buildActionMask = 2147483647;
			files = (
				AF02096B2C60CDBC00D91041 /* Photorama_SwiftUITests.swift in Sources */,
			);
			runOnlyForDeploymentPostprocessing = 0;
		};
		AF02096C2C60CDBC00D91041 /* Sources */ = {
			isa = PBXSourcesBuildPhase;
			buildActionMask = 2147483647;
			files = (
				AF0209772C60CDBC00D91041 /* Photorama_SwiftUIUITestsLaunchTests.swift in Sources */,
				AF0209752C60CDBC00D91041 /* Photorama_SwiftUIUITests.swift in Sources */,
			);
			runOnlyForDeploymentPostprocessing = 0;
		};
/* End PBXSourcesBuildPhase section */

/* Begin PBXTargetDependency section */
		AF0209682C60CDBC00D91041 /* PBXTargetDependency */ = {
			isa = PBXTargetDependency;
			target = AF0209552C60CDBA00D91041 /* Photorama SwiftUI */;
			targetProxy = AF0209672C60CDBC00D91041 /* PBXContainerItemProxy */;
		};
		AF0209722C60CDBC00D91041 /* PBXTargetDependency */ = {
			isa = PBXTargetDependency;
			target = AF0209552C60CDBA00D91041 /* Photorama SwiftUI */;
			targetProxy = AF0209712C60CDBC00D91041 /* PBXContainerItemProxy */;
		};
/* End PBXTargetDependency section */

/* Begin XCBuildConfiguration section */
		AF0209782C60CDBC00D91041 /* Debug */ = {
			isa = XCBuildConfiguration;
			buildSettings = {
				ALWAYS_SEARCH_USER_PATHS = NO;
				ASSETCATALOG_COMPILER_GENERATE_SWIFT_ASSET_SYMBOL_EXTENSIONS = YES;
				CLANG_ANALYZER_NONNULL = YES;
				CLANG_ANALYZER_NUMBER_OBJECT_CONVERSION = YES_AGGRESSIVE;
				CLANG_CXX_LANGUAGE_STANDARD = "gnu++20";
				CLANG_ENABLE_MODULES = YES;
				CLANG_ENABLE_OBJC_ARC = YES;
				CLANG_ENABLE_OBJC_WEAK = YES;
				CLANG_WARN_BLOCK_CAPTURE_AUTORELEASING = YES;
				CLANG_WARN_BOOL_CONVERSION = YES;
				CLANG_WARN_COMMA = YES;
				CLANG_WARN_CONSTANT_CONVERSION = YES;
				CLANG_WARN_DEPRECATED_OBJC_IMPLEMENTATIONS = YES;
				CLANG_WARN_DIRECT_OBJC_ISA_USAGE = YES_ERROR;
				CLANG_WARN_DOCUMENTATION_COMMENTS = YES;
				CLANG_WARN_EMPTY_BODY = YES;
				CLANG_WARN_ENUM_CONVERSION = YES;
				CLANG_WARN_INFINITE_RECURSION = YES;
				CLANG_WARN_INT_CONVERSION = YES;
				CLANG_WARN_NON_LITERAL_NULL_CONVERSION = YES;
				CLANG_WARN_OBJC_IMPLICIT_RETAIN_SELF = YES;
				CLANG_WARN_OBJC_LITERAL_CONVERSION = YES;
				CLANG_WARN_OBJC_ROOT_CLASS = YES_ERROR;
				CLANG_WARN_QUOTED_INCLUDE_IN_FRAMEWORK_HEADER = YES;
				CLANG_WARN_RANGE_LOOP_ANALYSIS = YES;
				CLANG_WARN_STRICT_PROTOTYPES = YES;
				CLANG_WARN_SUSPICIOUS_MOVE = YES;
				CLANG_WARN_UNGUARDED_AVAILABILITY = YES_AGGRESSIVE;
				CLANG_WARN_UNREACHABLE_CODE = YES;
				CLANG_WARN__DUPLICATE_METHOD_MATCH = YES;
				COPY_PHASE_STRIP = NO;
				DEBUG_INFORMATION_FORMAT = dwarf;
				ENABLE_STRICT_OBJC_MSGSEND = YES;
				ENABLE_TESTABILITY = YES;
				ENABLE_USER_SCRIPT_SANDBOXING = YES;
				GCC_C_LANGUAGE_STANDARD = gnu17;
				GCC_DYNAMIC_NO_PIC = NO;
				GCC_NO_COMMON_BLOCKS = YES;
				GCC_OPTIMIZATION_LEVEL = 0;
				GCC_PREPROCESSOR_DEFINITIONS = (
					"DEBUG=1",
					"$(inherited)",
				);
				GCC_WARN_64_TO_32_BIT_CONVERSION = YES;
				GCC_WARN_ABOUT_RETURN_TYPE = YES_ERROR;
				GCC_WARN_UNDECLARED_SELECTOR = YES;
				GCC_WARN_UNINITIALIZED_AUTOS = YES_AGGRESSIVE;
				GCC_WARN_UNUSED_FUNCTION = YES;
				GCC_WARN_UNUSED_VARIABLE = YES;
				IPHONEOS_DEPLOYMENT_TARGET = 17.0;
				LOCALIZATION_PREFERS_STRING_CATALOGS = YES;
				MTL_ENABLE_DEBUG_INFO = INCLUDE_SOURCE;
				MTL_FAST_MATH = YES;
				ONLY_ACTIVE_ARCH = YES;
				SDKROOT = iphoneos;
				SWIFT_ACTIVE_COMPILATION_CONDITIONS = "DEBUG $(inherited)";
				SWIFT_OPTIMIZATION_LEVEL = "-Onone";
			};
			name = Debug;
		};
		AF0209792C60CDBC00D91041 /* Release */ = {
			isa = XCBuildConfiguration;
			buildSettings = {
				ALWAYS_SEARCH_USER_PATHS = NO;
				ASSETCATALOG_COMPILER_GENERATE_SWIFT_ASSET_SYMBOL_EXTENSIONS = YES;
				CLANG_ANALYZER_NONNULL = YES;
				CLANG_ANALYZER_NUMBER_OBJECT_CONVERSION = YES_AGGRESSIVE;
				CLANG_CXX_LANGUAGE_STANDARD = "gnu++20";
				CLANG_ENABLE_MODULES = YES;
				CLANG_ENABLE_OBJC_ARC = YES;
				CLANG_ENABLE_OBJC_WEAK = YES;
				CLANG_WARN_BLOCK_CAPTURE_AUTORELEASING = YES;
				CLANG_WARN_BOOL_CONVERSION = YES;
				CLANG_WARN_COMMA = YES;
				CLANG_WARN_CONSTANT_CONVERSION = YES;
				CLANG_WARN_DEPRECATED_OBJC_IMPLEMENTATIONS = YES;
				CLANG_WARN_DIRECT_OBJC_ISA_USAGE = YES_ERROR;
				CLANG_WARN_DOCUMENTATION_COMMENTS = YES;
				CLANG_WARN_EMPTY_BODY = YES;
				CLANG_WARN_ENUM_CONVERSION = YES;
				CLANG_WARN_INFINITE_RECURSION = YES;
				CLANG_WARN_INT_CONVERSION = YES;
				CLANG_WARN_NON_LITERAL_NULL_CONVERSION = YES;
				CLANG_WARN_OBJC_IMPLICIT_RETAIN_SELF = YES;
				CLANG_WARN_OBJC_LITERAL_CONVERSION = YES;
				CLANG_WARN_OBJC_ROOT_CLASS = YES_ERROR;
				CLANG_WARN_QUOTED_INCLUDE_IN_FRAMEWORK_HEADER = YES;
				CLANG_WARN_RANGE_LOOP_ANALYSIS = YES;
				CLANG_WARN_STRICT_PROTOTYPES = YES;
				CLANG_WARN_SUSPICIOUS_MOVE = YES;
				CLANG_WARN_UNGUARDED_AVAILABILITY = YES_AGGRESSIVE;
				CLANG_WARN_UNREACHABLE_CODE = YES;
				CLANG_WARN__DUPLICATE_METHOD_MATCH = YES;
				COPY_PHASE_STRIP = NO;
				DEBUG_INFORMATION_FORMAT = "dwarf-with-dsym";
				ENABLE_NS_ASSERTIONS = NO;
				ENABLE_STRICT_OBJC_MSGSEND = YES;
				ENABLE_USER_SCRIPT_SANDBOXING = YES;
				GCC_C_LANGUAGE_STANDARD = gnu17;
				GCC_NO_COMMON_BLOCKS = YES;
				GCC_WARN_64_TO_32_BIT_CONVERSION = YES;
				GCC_WARN_ABOUT_RETURN_TYPE = YES_ERROR;
				GCC_WARN_UNDECLARED_SELECTOR = YES;
				GCC_WARN_UNINITIALIZED_AUTOS = YES_AGGRESSIVE;
				GCC_WARN_UNUSED_FUNCTION = YES;
				GCC_WARN_UNUSED_VARIABLE = YES;
				IPHONEOS_DEPLOYMENT_TARGET = 17.0;
				LOCALIZATION_PREFERS_STRING_CATALOGS = YES;
				MTL_ENABLE_DEBUG_INFO = NO;
				MTL_FAST_MATH = YES;
				SDKROOT = iphoneos;
				SWIFT_COMPILATION_MODE = wholemodule;
				VALIDATE_PRODUCT = YES;
			};
			name = Release;
		};
		AF02097B2C60CDBC00D91041 /* Debug */ = {
			isa = XCBuildConfiguration;
			buildSettings = {
				ASSETCATALOG_COMPILER_APPICON_NAME = AppIcon;
				ASSETCATALOG_COMPILER_GLOBAL_ACCENT_COLOR_NAME = AccentColor;
				CODE_SIGN_STYLE = Automatic;
				CURRENT_PROJECT_VERSION = 1;
				DEVELOPMENT_ASSET_PATHS = "\"Photorama SwiftUI/Preview Content\"";
				DEVELOPMENT_TEAM = VKJKQ866Q8;
				ENABLE_PREVIEWS = YES;
				GENERATE_INFOPLIST_FILE = YES;
				INFOPLIST_KEY_UIApplicationSceneManifest_Generation = YES;
				INFOPLIST_KEY_UIApplicationSupportsIndirectInputEvents = YES;
				INFOPLIST_KEY_UILaunchScreen_Generation = YES;
				INFOPLIST_KEY_UISupportedInterfaceOrientations_iPad = "UIInterfaceOrientationPortrait UIInterfaceOrientationPortraitUpsideDown UIInterfaceOrientationLandscapeLeft UIInterfaceOrientationLandscapeRight";
				INFOPLIST_KEY_UISupportedInterfaceOrientations_iPhone = "UIInterfaceOrientationPortrait UIInterfaceOrientationLandscapeLeft UIInterfaceOrientationLandscapeRight";
				LD_RUNPATH_SEARCH_PATHS = (
					"$(inherited)",
					"@executable_path/Frameworks",
				);
				MARKETING_VERSION = 1.0;
				PRODUCT_BUNDLE_IDENTIFIER = "com.MyFirstSwiftUIMusa.Photorama-SwiftUI";
				PRODUCT_NAME = "$(TARGET_NAME)";
				SWIFT_EMIT_LOC_STRINGS = YES;
				SWIFT_VERSION = 5.0;
				TARGETED_DEVICE_FAMILY = "1,2";
			};
			name = Debug;
		};
		AF02097C2C60CDBC00D91041 /* Release */ = {
			isa = XCBuildConfiguration;
			buildSettings = {
				ASSETCATALOG_COMPILER_APPICON_NAME = AppIcon;
				ASSETCATALOG_COMPILER_GLOBAL_ACCENT_COLOR_NAME = AccentColor;
				CODE_SIGN_STYLE = Automatic;
				CURRENT_PROJECT_VERSION = 1;
				DEVELOPMENT_ASSET_PATHS = "\"Photorama SwiftUI/Preview Content\"";
				DEVELOPMENT_TEAM = VKJKQ866Q8;
				ENABLE_PREVIEWS = YES;
				GENERATE_INFOPLIST_FILE = YES;
				INFOPLIST_KEY_UIApplicationSceneManifest_Generation = YES;
				INFOPLIST_KEY_UIApplicationSupportsIndirectInputEvents = YES;
				INFOPLIST_KEY_UILaunchScreen_Generation = YES;
				INFOPLIST_KEY_UISupportedInterfaceOrientations_iPad = "UIInterfaceOrientationPortrait UIInterfaceOrientationPortraitUpsideDown UIInterfaceOrientationLandscapeLeft UIInterfaceOrientationLandscapeRight";
				INFOPLIST_KEY_UISupportedInterfaceOrientations_iPhone = "UIInterfaceOrientationPortrait UIInterfaceOrientationLandscapeLeft UIInterfaceOrientationLandscapeRight";
				LD_RUNPATH_SEARCH_PATHS = (
					"$(inherited)",
					"@executable_path/Frameworks",
				);
				MARKETING_VERSION = 1.0;
				PRODUCT_BUNDLE_IDENTIFIER = "com.MyFirstSwiftUIMusa.Photorama-SwiftUI";
				PRODUCT_NAME = "$(TARGET_NAME)";
				SWIFT_EMIT_LOC_STRINGS = YES;
				SWIFT_VERSION = 5.0;
				TARGETED_DEVICE_FAMILY = "1,2";
			};
			name = Release;
		};
		AF02097E2C60CDBC00D91041 /* Debug */ = {
			isa = XCBuildConfiguration;
			buildSettings = {
				ALWAYS_EMBED_SWIFT_STANDARD_LIBRARIES = YES;
				BUNDLE_LOADER = "$(TEST_HOST)";
				CODE_SIGN_STYLE = Automatic;
				CURRENT_PROJECT_VERSION = 1;
				DEVELOPMENT_TEAM = VKJKQ866Q8;
				GENERATE_INFOPLIST_FILE = YES;
				IPHONEOS_DEPLOYMENT_TARGET = 17.0;
				MARKETING_VERSION = 1.0;
				PRODUCT_BUNDLE_IDENTIFIER = "com.MyFirstSwiftUIMusa.Photorama-SwiftUITests";
				PRODUCT_NAME = "$(TARGET_NAME)";
				SWIFT_EMIT_LOC_STRINGS = NO;
				SWIFT_VERSION = 5.0;
				TARGETED_DEVICE_FAMILY = "1,2";
				TEST_HOST = "$(BUILT_PRODUCTS_DIR)/Photorama SwiftUI.app/$(BUNDLE_EXECUTABLE_FOLDER_PATH)/Photorama SwiftUI";
			};
			name = Debug;
		};
		AF02097F2C60CDBC00D91041 /* Release */ = {
			isa = XCBuildConfiguration;
			buildSettings = {
				ALWAYS_EMBED_SWIFT_STANDARD_LIBRARIES = YES;
				BUNDLE_LOADER = "$(TEST_HOST)";
				CODE_SIGN_STYLE = Automatic;
				CURRENT_PROJECT_VERSION = 1;
				DEVELOPMENT_TEAM = VKJKQ866Q8;
				GENERATE_INFOPLIST_FILE = YES;
				IPHONEOS_DEPLOYMENT_TARGET = 17.0;
				MARKETING_VERSION = 1.0;
				PRODUCT_BUNDLE_IDENTIFIER = "com.MyFirstSwiftUIMusa.Photorama-SwiftUITests";
				PRODUCT_NAME = "$(TARGET_NAME)";
				SWIFT_EMIT_LOC_STRINGS = NO;
				SWIFT_VERSION = 5.0;
				TARGETED_DEVICE_FAMILY = "1,2";
				TEST_HOST = "$(BUILT_PRODUCTS_DIR)/Photorama SwiftUI.app/$(BUNDLE_EXECUTABLE_FOLDER_PATH)/Photorama SwiftUI";
			};
			name = Release;
		};
		AF0209812C60CDBC00D91041 /* Debug */ = {
			isa = XCBuildConfiguration;
			buildSettings = {
				ALWAYS_EMBED_SWIFT_STANDARD_LIBRARIES = YES;
				CODE_SIGN_STYLE = Automatic;
				CURRENT_PROJECT_VERSION = 1;
				DEVELOPMENT_TEAM = VKJKQ866Q8;
				GENERATE_INFOPLIST_FILE = YES;
				MARKETING_VERSION = 1.0;
				PRODUCT_BUNDLE_IDENTIFIER = "com.MyFirstSwiftUIMusa.Photorama-SwiftUIUITests";
				PRODUCT_NAME = "$(TARGET_NAME)";
				SWIFT_EMIT_LOC_STRINGS = NO;
				SWIFT_VERSION = 5.0;
				TARGETED_DEVICE_FAMILY = "1,2";
				TEST_TARGET_NAME = "Photorama SwiftUI";
			};
			name = Debug;
		};
		AF0209822C60CDBC00D91041 /* Release */ = {
			isa = XCBuildConfiguration;
			buildSettings = {
				ALWAYS_EMBED_SWIFT_STANDARD_LIBRARIES = YES;
				CODE_SIGN_STYLE = Automatic;
				CURRENT_PROJECT_VERSION = 1;
				DEVELOPMENT_TEAM = VKJKQ866Q8;
				GENERATE_INFOPLIST_FILE = YES;
				MARKETING_VERSION = 1.0;
				PRODUCT_BUNDLE_IDENTIFIER = "com.MyFirstSwiftUIMusa.Photorama-SwiftUIUITests";
				PRODUCT_NAME = "$(TARGET_NAME)";
				SWIFT_EMIT_LOC_STRINGS = NO;
				SWIFT_VERSION = 5.0;
				TARGETED_DEVICE_FAMILY = "1,2";
				TEST_TARGET_NAME = "Photorama SwiftUI";
			};
			name = Release;
		};
/* End XCBuildConfiguration section */

/* Begin XCConfigurationList section */
		AF0209512C60CDBA00D91041 /* Build configuration list for PBXProject "Photorama SwiftUI" */ = {
			isa = XCConfigurationList;
			buildConfigurations = (
				AF0209782C60CDBC00D91041 /* Debug */,
				AF0209792C60CDBC00D91041 /* Release */,
			);
			defaultConfigurationIsVisible = 0;
			defaultConfigurationName = Release;
		};
		AF02097A2C60CDBC00D91041 /* Build configuration list for PBXNativeTarget "Photorama SwiftUI" */ = {
			isa = XCConfigurationList;
			buildConfigurations = (
				AF02097B2C60CDBC00D91041 /* Debug */,
				AF02097C2C60CDBC00D91041 /* Release */,
			);
			defaultConfigurationIsVisible = 0;
			defaultConfigurationName = Release;
		};
		AF02097D2C60CDBC00D91041 /* Build configuration list for PBXNativeTarget "Photorama SwiftUITests" */ = {
			isa = XCConfigurationList;
			buildConfigurations = (
				AF02097E2C60CDBC00D91041 /* Debug */,
				AF02097F2C60CDBC00D91041 /* Release */,
			);
			defaultConfigurationIsVisible = 0;
			defaultConfigurationName = Release;
		};
		AF0209802C60CDBC00D91041 /* Build configuration list for PBXNativeTarget "Photorama SwiftUIUITests" */ = {
			isa = XCConfigurationList;
			buildConfigurations = (
				AF0209812C60CDBC00D91041 /* Debug */,
				AF0209822C60CDBC00D91041 /* Release */,
			);
			defaultConfigurationIsVisible = 0;
			defaultConfigurationName = Release;
		};
/* End XCConfigurationList section */
	};
	rootObject = AF02094E2C60CDBA00D91041 /* Project object */;
}
